
Microsoft Visual Studio Solution File, Format Version 12.00
# Visual Studio Version 17
VisualStudioVersion = 17.1.32210.238
MinimumVisualStudioVersion = 10.0.40219.1
Project("{2150E333-8FDC-42A3-9474-1A3956D46DE8}") = "FrontEnd", "FrontEnd", "{0A09B515-4035-468C-B232-4C93B31F4EC2}"
EndProject
Project("{9A19103F-16F7-4668-BE54-9A1E7A4F7556}") = "Mango.Web", "Mango.Web\Mango.Web.csproj", "{5A79D341-A943-479F-A0E8-A00B3A8EBC99}"
EndProject
Project("{2150E333-8FDC-42A3-9474-1A3956D46DE8}") = "Services", "Services", "{3F364AD9-7D0D-47F1-A099-C3D5C7E00AC9}"
EndProject
Project("{9A19103F-16F7-4668-BE54-9A1E7A4F7556}") = "Mango.Services.ProductAPI", "Mango.Services.ProductAPI\Mango.Services.ProductAPI.csproj", "{C6312EC9-5ADB-4B1C-BA40-D4B8AEA8FAF0}"
EndProject
Project("{9A19103F-16F7-4668-BE54-9A1E7A4F7556}") = "Mango.Service.Identity", "Mango.Service.Identity\Mango.Service.Identity.csproj", "{BE679868-46E7-4BD8-A203-4C306798FD07}"
EndProject
Project("{9A19103F-16F7-4668-BE54-9A1E7A4F7556}") = "Mango.Services.ShoppingCartAPI", "Mango.Services.ShoppingCartAPI\Mango.Services.ShoppingCartAPI.csproj", "{B9DE3432-EE72-409D-A918-E99C28C4E5F3}"
EndProject
Project("{9A19103F-16F7-4668-BE54-9A1E7A4F7556}") = "Mango.Services.CouponAPI", "Mango.Services.CouponAPI\Mango.Services.CouponAPI.csproj", "{8BDF811A-1AA5-4CAB-A801-10A90643620E}"
EndProject
Project("{2150E333-8FDC-42A3-9474-1A3956D46DE8}") = "Integration", "Integration", "{8BB24876-F329-4730-9F35-FD7B2B7C9957}"
EndProject
Project("{FAE04EC0-301F-11D3-BF4B-00C04F79EFBC}") = "Mango.MessageBus", "Mango.MessageBus\Mango.MessageBus.csproj", "{BBB0F54D-578B-4695-83DE-98B4AAEC87E4}"
EndProject
Global
	GlobalSection(SolutionConfigurationPlatforms) = preSolution
		Debug|Any CPU = Debug|Any CPU
		Release|Any CPU = Release|Any CPU
	EndGlobalSection
	GlobalSection(ProjectConfigurationPlatforms) = postSolution
		{5A79D341-A943-479F-A0E8-A00B3A8EBC99}.Debug|Any CPU.ActiveCfg = Debug|Any CPU
		{5A79D341-A943-479F-A0E8-A00B3A8EBC99}.Debug|Any CPU.Build.0 = Debug|Any CPU
		{5A79D341-A943-479F-A0E8-A00B3A8EBC99}.Release|Any CPU.ActiveCfg = Release|Any CPU
		{5A79D341-A943-479F-A0E8-A00B3A8EBC99}.Release|Any CPU.Build.0 = Release|Any CPU
		{C6312EC9-5ADB-4B1C-BA40-D4B8AEA8FAF0}.Debug|Any CPU.ActiveCfg = Debug|Any CPU
		{C6312EC9-5ADB-4B1C-BA40-D4B8AEA8FAF0}.Debug|Any CPU.Build.0 = Debug|Any CPU
		{C6312EC9-5ADB-4B1C-BA40-D4B8AEA8FAF0}.Release|Any CPU.ActiveCfg = Release|Any CPU
		{C6312EC9-5ADB-4B1C-BA40-D4B8AEA8FAF0}.Release|Any CPU.Build.0 = Release|Any CPU
		{BE679868-46E7-4BD8-A203-4C306798FD07}.Debug|Any CPU.ActiveCfg = Debug|Any CPU
		{BE679868-46E7-4BD8-A203-4C306798FD07}.Debug|Any CPU.Build.0 = Debug|Any CPU
		{BE679868-46E7-4BD8-A203-4C306798FD07}.Release|Any CPU.ActiveCfg = Release|Any CPU
		{BE679868-46E7-4BD8-A203-4C306798FD07}.Release|Any CPU.Build.0 = Release|Any CPU
		{B9DE3432-EE72-409D-A918-E99C28C4E5F3}.Debug|Any CPU.ActiveCfg = Debug|Any CPU
		{B9DE3432-EE72-409D-A918-E99C28C4E5F3}.Debug|Any CPU.Build.0 = Debug|Any CPU
		{B9DE3432-EE72-409D-A918-E99C28C4E5F3}.Release|Any CPU.ActiveCfg = Release|Any CPU
		{B9DE3432-EE72-409D-A918-E99C28C4E5F3}.Release|Any CPU.Build.0 = Release|Any CPU
		{8BDF811A-1AA5-4CAB-A801-10A90643620E}.Debug|Any CPU.ActiveCfg = Debug|Any CPU
		{8BDF811A-1AA5-4CAB-A801-10A90643620E}.Debug|Any CPU.Build.0 = Debug|Any CPU
		{8BDF811A-1AA5-4CAB-A801-10A90643620E}.Release|Any CPU.ActiveCfg = Release|Any CPU
		{8BDF811A-1AA5-4CAB-A801-10A90643620E}.Release|Any CPU.Build.0 = Release|Any CPU
		{BBB0F54D-578B-4695-83DE-98B4AAEC87E4}.Debug|Any CPU.ActiveCfg = Debug|Any CPU
		{BBB0F54D-578B-4695-83DE-98B4AAEC87E4}.Debug|Any CPU.Build.0 = Debug|Any CPU
		{BBB0F54D-578B-4695-83DE-98B4AAEC87E4}.Release|Any CPU.ActiveCfg = Release|Any CPU
		{BBB0F54D-578B-4695-83DE-98B4AAEC87E4}.Release|Any CPU.Build.0 = Release|Any CPU
	EndGlobalSection
	GlobalSection(SolutionProperties) = preSolution
		HideSolutionNode = FALSE
	EndGlobalSection
	GlobalSection(NestedProjects) = preSolution
		{5A79D341-A943-479F-A0E8-A00B3A8EBC99} = {0A09B515-4035-468C-B232-4C93B31F4EC2}
		{C6312EC9-5ADB-4B1C-BA40-D4B8AEA8FAF0} = {3F364AD9-7D0D-47F1-A099-C3D5C7E00AC9}
		{BE679868-46E7-4BD8-A203-4C306798FD07} = {3F364AD9-7D0D-47F1-A099-C3D5C7E00AC9}
		{B9DE3432-EE72-409D-A918-E99C28C4E5F3} = {3F364AD9-7D0D-47F1-A099-C3D5C7E00AC9}
		{8BDF811A-1AA5-4CAB-A801-10A90643620E} = {3F364AD9-7D0D-47F1-A099-C3D5C7E00AC9}
		{BBB0F54D-578B-4695-83DE-98B4AAEC87E4} = {8BB24876-F329-4730-9F35-FD7B2B7C9957}
	EndGlobalSection
	GlobalSection(ExtensibilityGlobals) = postSolution
		SolutionGuid = {71AAEDED-717A-4497-95AD-B55BDAE358C8}
	EndGlobalSection
EndGlobal
